
Microsoft Visual Studio Solution File, Format Version 12.00
# Visual Studio Version 16
VisualStudioVersion = 16.0.30804.86
MinimumVisualStudioVersion = 10.0.40219.1
Project("{FAE04EC0-301F-11D3-BF4B-00C04F79EFBC}") = "Jora - Toy Simulator", "Jora - Toy Simulator\Jora - Toy Simulator.csproj", "{8CC3815F-87D3-41F8-ADA9-406572CEA95D}"
EndProject
Project("{FAE04EC0-301F-11D3-BF4B-00C04F79EFBC}") = "Data.Entity", "Data.Entity\Data.Entity.csproj", "{A24139A9-A56D-48D4-8667-3E620E0918EA}"
EndProject
Project("{FAE04EC0-301F-11D3-BF4B-00C04F79EFBC}") = "Data.Service", "Data.Service\Data.Service.csproj", "{2A8A91C5-08DD-4349-9CC8-178D3AF5EC9B}"
EndProject
Global
	GlobalSection(SolutionConfigurationPlatforms) = preSolution
		Debug|Any CPU = Debug|Any CPU
		Release|Any CPU = Release|Any CPU
	EndGlobalSection
	GlobalSection(ProjectConfigurationPlatforms) = postSolution
		{8CC3815F-87D3-41F8-ADA9-406572CEA95D}.Debug|Any CPU.ActiveCfg = Debug|Any CPU
		{8CC3815F-87D3-41F8-ADA9-406572CEA95D}.Debug|Any CPU.Build.0 = Debug|Any CPU
		{8CC3815F-87D3-41F8-ADA9-406572CEA95D}.Release|Any CPU.ActiveCfg = Release|Any CPU
		{8CC3815F-87D3-41F8-ADA9-406572CEA95D}.Release|Any CPU.Build.0 = Release|Any CPU
		{A24139A9-A56D-48D4-8667-3E620E0918EA}.Debug|Any CPU.ActiveCfg = Debug|Any CPU
		{A24139A9-A56D-48D4-8667-3E620E0918EA}.Debug|Any CPU.Build.0 = Debug|Any CPU
		{A24139A9-A56D-48D4-8667-3E620E0918EA}.Release|Any CPU.ActiveCfg = Release|Any CPU
		{A24139A9-A56D-48D4-8667-3E620E0918EA}.Release|Any CPU.Build.0 = Release|Any CPU
		{2A8A91C5-08DD-4349-9CC8-178D3AF5EC9B}.Debug|Any CPU.ActiveCfg = Debug|Any CPU
		{2A8A91C5-08DD-4349-9CC8-178D3AF5EC9B}.Debug|Any CPU.Build.0 = Debug|Any CPU
		{2A8A91C5-08DD-4349-9CC8-178D3AF5EC9B}.Release|Any CPU.ActiveCfg = Release|Any CPU
		{2A8A91C5-08DD-4349-9CC8-178D3AF5EC9B}.Release|Any CPU.Build.0 = Release|Any CPU
	EndGlobalSection
	GlobalSection(SolutionProperties) = preSolution
		HideSolutionNode = FALSE
	EndGlobalSection
	GlobalSection(ExtensibilityGlobals) = postSolution
		SolutionGuid = {631EFF66-B3E5-4B0B-87C6-B1E40888735F}
	EndGlobalSection
EndGlobal
